
Microsoft Visual Studio Solution File, Format Version 12.00
# Visual Studio 15
VisualStudioVersion = 15.0.28010.2046
MinimumVisualStudioVersion = 10.0.40219.1
Project("{FAE04EC0-301F-11D3-BF4B-00C04F79EFBC}") = "CLIFC", "CLIFC\CLIFC.csproj", "{4730BE75-ED5D-44AC-BC91-D34063707578}"
EndProject
Project("{8BC9CEB8-8B4A-11D0-8D11-00A0C91BC942}") = "CLIPSCLRWrapper", "..\CLIPS\CLIPSCLRWrapper\CLIPSCLRWrapper.vcxproj", "{1FC765EF-28C7-42A1-865E-2B26AB30E733}"
EndProject
Global
	GlobalSection(SolutionConfigurationPlatforms) = preSolution
		Debug|Any CPU = Debug|Any CPU
		Debug|ARM = Debug|ARM
		Debug|x64 = Debug|x64
		Debug|x86 = Debug|x86
		Release|Any CPU = Release|Any CPU
		Release|ARM = Release|ARM
		Release|x64 = Release|x64
		Release|x86 = Release|x86
	EndGlobalSection
	GlobalSection(ProjectConfigurationPlatforms) = postSolution
		{4730BE75-ED5D-44AC-BC91-D34063707578}.Debug|Any CPU.ActiveCfg = Debug|Any CPU
		{4730BE75-ED5D-44AC-BC91-D34063707578}.Debug|Any CPU.Build.0 = Debug|Any CPU
		{4730BE75-ED5D-44AC-BC91-D34063707578}.Debug|ARM.ActiveCfg = Debug|Any CPU
		{4730BE75-ED5D-44AC-BC91-D34063707578}.Debug|ARM.Build.0 = Debug|Any CPU
		{4730BE75-ED5D-44AC-BC91-D34063707578}.Debug|x64.ActiveCfg = Debug|Any CPU
		{4730BE75-ED5D-44AC-BC91-D34063707578}.Debug|x64.Build.0 = Debug|Any CPU
		{4730BE75-ED5D-44AC-BC91-D34063707578}.Debug|x86.ActiveCfg = Debug|Any CPU
		{4730BE75-ED5D-44AC-BC91-D34063707578}.Debug|x86.Build.0 = Debug|Any CPU
		{4730BE75-ED5D-44AC-BC91-D34063707578}.Release|Any CPU.ActiveCfg = Release|Any CPU
		{4730BE75-ED5D-44AC-BC91-D34063707578}.Release|Any CPU.Build.0 = Release|Any CPU
		{4730BE75-ED5D-44AC-BC91-D34063707578}.Release|ARM.ActiveCfg = Release|Any CPU
		{4730BE75-ED5D-44AC-BC91-D34063707578}.Release|ARM.Build.0 = Release|Any CPU
		{4730BE75-ED5D-44AC-BC91-D34063707578}.Release|x64.ActiveCfg = Release|Any CPU
		{4730BE75-ED5D-44AC-BC91-D34063707578}.Release|x64.Build.0 = Release|Any CPU
		{4730BE75-ED5D-44AC-BC91-D34063707578}.Release|x86.ActiveCfg = Release|Any CPU
		{4730BE75-ED5D-44AC-BC91-D34063707578}.Release|x86.Build.0 = Release|Any CPU
		{1FC765EF-28C7-42A1-865E-2B26AB30E733}.Debug|Any CPU.ActiveCfg = Debug|Win32
		{1FC765EF-28C7-42A1-865E-2B26AB30E733}.Debug|ARM.ActiveCfg = Debug|ARM
		{1FC765EF-28C7-42A1-865E-2B26AB30E733}.Debug|ARM.Build.0 = Debug|ARM
		{1FC765EF-28C7-42A1-865E-2B26AB30E733}.Debug|x64.ActiveCfg = Debug|x64
		{1FC765EF-28C7-42A1-865E-2B26AB30E733}.Debug|x64.Build.0 = Debug|x64
		{1FC765EF-28C7-42A1-865E-2B26AB30E733}.Debug|x86.ActiveCfg = Debug|Win32
		{1FC765EF-28C7-42A1-865E-2B26AB30E733}.Debug|x86.Build.0 = Debug|Win32
		{1FC765EF-28C7-42A1-865E-2B26AB30E733}.Release|Any CPU.ActiveCfg = Release|Win32
		{1FC765EF-28C7-42A1-865E-2B26AB30E733}.Release|ARM.ActiveCfg = Release|ARM
		{1FC765EF-28C7-42A1-865E-2B26AB30E733}.Release|ARM.Build.0 = Release|ARM
		{1FC765EF-28C7-42A1-865E-2B26AB30E733}.Release|x64.ActiveCfg = Release|x64
		{1FC765EF-28C7-42A1-865E-2B26AB30E733}.Release|x64.Build.0 = Release|x64
		{1FC765EF-28C7-42A1-865E-2B26AB30E733}.Release|x86.ActiveCfg = Release|Win32
		{1FC765EF-28C7-42A1-865E-2B26AB30E733}.Release|x86.Build.0 = Release|Win32
	EndGlobalSection
	GlobalSection(SolutionProperties) = preSolution
		HideSolutionNode = FALSE
	EndGlobalSection
	GlobalSection(ExtensibilityGlobals) = postSolution
		SolutionGuid = {3F28574B-1088-48FC-A3C6-1CE9E31B9F43}
	EndGlobalSection
EndGlobal
