
Microsoft Visual Studio Solution File, Format Version 12.00
# Visual Studio 15
VisualStudioVersion = 15.0.28010.2046
MinimumVisualStudioVersion = 10.0.40219.1
Project("{FAE04EC0-301F-11D3-BF4B-00C04F79EFBC}") = "CLIFC", "CLIFC\CLIFC.csproj", "{4730BE75-ED5D-44AC-BC91-D34063707578}"
EndProject
Global
	GlobalSection(SolutionConfigurationPlatforms) = preSolution
		Debug|Any CPU = Debug|Any CPU
		Release|Any CPU = Release|Any CPU
	EndGlobalSection
	GlobalSection(ProjectConfigurationPlatforms) = postSolution
		{4730BE75-ED5D-44AC-BC91-D34063707578}.Debug|Any CPU.ActiveCfg = Debug|Any CPU
		{4730BE75-ED5D-44AC-BC91-D34063707578}.Debug|Any CPU.Build.0 = Debug|Any CPU
		{4730BE75-ED5D-44AC-BC91-D34063707578}.Release|Any CPU.ActiveCfg = Release|Any CPU
		{4730BE75-ED5D-44AC-BC91-D34063707578}.Release|Any CPU.Build.0 = Release|Any CPU
	EndGlobalSection
	GlobalSection(SolutionProperties) = preSolution
		HideSolutionNode = FALSE
	EndGlobalSection
	GlobalSection(ExtensibilityGlobals) = postSolution
		SolutionGuid = {3F28574B-1088-48FC-A3C6-1CE9E31B9F43}
	EndGlobalSection
EndGlobal
